
Microsoft Visual Studio Solution File, Format Version 12.00
# Visual Studio Version 17
VisualStudioVersion = 17.0.32126.317
MinimumVisualStudioVersion = 10.0.40219.1
Project("{FAE04EC0-301F-11D3-BF4B-00C04F79EFBC}") = "Interfaces3", "Interfaces3.csproj", "{A82F71EE-CEB2-4723-AA8E-36DDD3471A5C}"
EndProject
Global
	GlobalSection(SolutionConfigurationPlatforms) = preSolution
		Debug|Any CPU = Debug|Any CPU
		Release|Any CPU = Release|Any CPU
	EndGlobalSection
	GlobalSection(ProjectConfigurationPlatforms) = postSolution
		{A82F71EE-CEB2-4723-AA8E-36DDD3471A5C}.Debug|Any CPU.ActiveCfg = Debug|Any CPU
		{A82F71EE-CEB2-4723-AA8E-36DDD3471A5C}.Debug|Any CPU.Build.0 = Debug|Any CPU
		{A82F71EE-CEB2-4723-AA8E-36DDD3471A5C}.Release|Any CPU.ActiveCfg = Release|Any CPU
		{A82F71EE-CEB2-4723-AA8E-36DDD3471A5C}.Release|Any CPU.Build.0 = Release|Any CPU
	EndGlobalSection
	GlobalSection(SolutionProperties) = preSolution
		HideSolutionNode = FALSE
	EndGlobalSection
	GlobalSection(ExtensibilityGlobals) = postSolution
		SolutionGuid = {37F491D2-BDC5-46C2-9BA2-1B12A8D41778}
	EndGlobalSection
EndGlobal
